
Microsoft Visual Studio Solution File, Format Version 12.00
# Visual Studio Version 17
VisualStudioVersion = 17.10.34916.146
MinimumVisualStudioVersion = 10.0.40219.1
Project("{2150E333-8FDC-42A3-9474-1A3956D46DE8}") = "Services", "Services", "{E8D640C2-A144-472C-BD02-81FC2EB3B502}"
EndProject
Project("{2150E333-8FDC-42A3-9474-1A3956D46DE8}") = "Catalog", "Catalog", "{A84118EF-1034-4028-B2FE-03D13852AC1E}"
EndProject
Project("{9A19103F-16F7-4668-BE54-9A1E7A4F7556}") = "Mentor.Services.Catalog", "Services\Catalog\Mentor.Services.Catalog\Mentor.Services.Catalog.csproj", "{7B35FFD7-D9BF-42B0-B393-F219F678361E}"
EndProject
Project("{2150E333-8FDC-42A3-9474-1A3956D46DE8}") = "Notes", "Notes", "{32D865EF-A8A5-4D0A-8BE0-5E3CB6FF0C23}"
	ProjectSection(SolutionItems) = preProject
		Ports.txt = Ports.txt
	EndProjectSection
EndProject
Project("{2150E333-8FDC-42A3-9474-1A3956D46DE8}") = "Shared", "Shared", "{0AF34A1C-2E2F-4BFC-AEDE-EA5B5180F845}"
EndProject
Project("{2150E333-8FDC-42A3-9474-1A3956D46DE8}") = "IdentityServer", "IdentityServer", "{30E3FF3F-25CB-4BF8-A927-82FD560D1102}"
EndProject
Project("{9A19103F-16F7-4668-BE54-9A1E7A4F7556}") = "Mentor.IdentityServer", "IdentityServer\Mentor.IdentityServer\Mentor.IdentityServer.csproj", "{174E8D46-5583-4BC9-814A-6150CDB1CCFC}"
EndProject
Project("{9A19103F-16F7-4668-BE54-9A1E7A4F7556}") = "Mentor.Shared", "Mentor.Shared\Mentor.Shared.csproj", "{BC74745C-8C7D-4F93-A1FA-165089470447}"
EndProject
Project("{2150E333-8FDC-42A3-9474-1A3956D46DE8}") = "PhotoStock", "PhotoStock", "{66742532-A786-4582-B778-D4CF5AD27009}"
EndProject
Project("{FAE04EC0-301F-11D3-BF4B-00C04F79EFBC}") = "Mentor.Services.PhotoStock", "Services\PhotoStock\Mentor.Services.PhotoStock\Mentor.Services.PhotoStock.csproj", "{46BED9EE-FD96-4D59-9F00-651492A9862C}"
EndProject
Global
	GlobalSection(SolutionConfigurationPlatforms) = preSolution
		Debug|Any CPU = Debug|Any CPU
		Release|Any CPU = Release|Any CPU
	EndGlobalSection
	GlobalSection(ProjectConfigurationPlatforms) = postSolution
		{7B35FFD7-D9BF-42B0-B393-F219F678361E}.Debug|Any CPU.ActiveCfg = Debug|Any CPU
		{7B35FFD7-D9BF-42B0-B393-F219F678361E}.Debug|Any CPU.Build.0 = Debug|Any CPU
		{7B35FFD7-D9BF-42B0-B393-F219F678361E}.Release|Any CPU.ActiveCfg = Release|Any CPU
		{7B35FFD7-D9BF-42B0-B393-F219F678361E}.Release|Any CPU.Build.0 = Release|Any CPU
		{174E8D46-5583-4BC9-814A-6150CDB1CCFC}.Debug|Any CPU.ActiveCfg = Debug|Any CPU
		{174E8D46-5583-4BC9-814A-6150CDB1CCFC}.Debug|Any CPU.Build.0 = Debug|Any CPU
		{174E8D46-5583-4BC9-814A-6150CDB1CCFC}.Release|Any CPU.ActiveCfg = Release|Any CPU
		{174E8D46-5583-4BC9-814A-6150CDB1CCFC}.Release|Any CPU.Build.0 = Release|Any CPU
		{BC74745C-8C7D-4F93-A1FA-165089470447}.Debug|Any CPU.ActiveCfg = Debug|Any CPU
		{BC74745C-8C7D-4F93-A1FA-165089470447}.Debug|Any CPU.Build.0 = Debug|Any CPU
		{BC74745C-8C7D-4F93-A1FA-165089470447}.Release|Any CPU.ActiveCfg = Release|Any CPU
		{BC74745C-8C7D-4F93-A1FA-165089470447}.Release|Any CPU.Build.0 = Release|Any CPU
		{46BED9EE-FD96-4D59-9F00-651492A9862C}.Debug|Any CPU.ActiveCfg = Debug|Any CPU
		{46BED9EE-FD96-4D59-9F00-651492A9862C}.Debug|Any CPU.Build.0 = Debug|Any CPU
		{46BED9EE-FD96-4D59-9F00-651492A9862C}.Release|Any CPU.ActiveCfg = Release|Any CPU
		{46BED9EE-FD96-4D59-9F00-651492A9862C}.Release|Any CPU.Build.0 = Release|Any CPU
	EndGlobalSection
	GlobalSection(SolutionProperties) = preSolution
		HideSolutionNode = FALSE
	EndGlobalSection
	GlobalSection(NestedProjects) = preSolution
		{A84118EF-1034-4028-B2FE-03D13852AC1E} = {E8D640C2-A144-472C-BD02-81FC2EB3B502}
		{7B35FFD7-D9BF-42B0-B393-F219F678361E} = {A84118EF-1034-4028-B2FE-03D13852AC1E}
		{174E8D46-5583-4BC9-814A-6150CDB1CCFC} = {30E3FF3F-25CB-4BF8-A927-82FD560D1102}
		{BC74745C-8C7D-4F93-A1FA-165089470447} = {0AF34A1C-2E2F-4BFC-AEDE-EA5B5180F845}
		{66742532-A786-4582-B778-D4CF5AD27009} = {E8D640C2-A144-472C-BD02-81FC2EB3B502}
		{46BED9EE-FD96-4D59-9F00-651492A9862C} = {66742532-A786-4582-B778-D4CF5AD27009}
	EndGlobalSection
	GlobalSection(ExtensibilityGlobals) = postSolution
		SolutionGuid = {82512D18-6F42-4556-8F5A-43C78668FADB}
	EndGlobalSection
EndGlobal
