
Microsoft Visual Studio Solution File, Format Version 12.00
# Visual Studio Version 17
VisualStudioVersion = 17.10.34916.146
MinimumVisualStudioVersion = 10.0.40219.1
Project("{2150E333-8FDC-42A3-9474-1A3956D46DE8}") = "Services", "Services", "{E8D640C2-A144-472C-BD02-81FC2EB3B502}"
EndProject
Project("{2150E333-8FDC-42A3-9474-1A3956D46DE8}") = "Catalog", "Catalog", "{A84118EF-1034-4028-B2FE-03D13852AC1E}"
EndProject
Project("{9A19103F-16F7-4668-BE54-9A1E7A4F7556}") = "Mentor.Services.Catalog", "Services\Catalog\Mentor.Services.Catalog\Mentor.Services.Catalog.csproj", "{7B35FFD7-D9BF-42B0-B393-F219F678361E}"
EndProject
Project("{2150E333-8FDC-42A3-9474-1A3956D46DE8}") = "Notes", "Notes", "{32D865EF-A8A5-4D0A-8BE0-5E3CB6FF0C23}"
	ProjectSection(SolutionItems) = preProject
		Ports.txt = Ports.txt
	EndProjectSection
EndProject
Project("{2150E333-8FDC-42A3-9474-1A3956D46DE8}") = "Shared", "Shared", "{0AF34A1C-2E2F-4BFC-AEDE-EA5B5180F845}"
EndProject
Project("{2150E333-8FDC-42A3-9474-1A3956D46DE8}") = "IdentityServer", "IdentityServer", "{30E3FF3F-25CB-4BF8-A927-82FD560D1102}"
EndProject
Project("{9A19103F-16F7-4668-BE54-9A1E7A4F7556}") = "Mentor.IdentityServer", "IdentityServer\Mentor.IdentityServer\Mentor.IdentityServer.csproj", "{174E8D46-5583-4BC9-814A-6150CDB1CCFC}"
EndProject
Project("{9A19103F-16F7-4668-BE54-9A1E7A4F7556}") = "Mentor.Shared", "Mentor.Shared\Mentor.Shared.csproj", "{BC74745C-8C7D-4F93-A1FA-165089470447}"
EndProject
Project("{2150E333-8FDC-42A3-9474-1A3956D46DE8}") = "PhotoStock", "PhotoStock", "{66742532-A786-4582-B778-D4CF5AD27009}"
EndProject
Project("{9A19103F-16F7-4668-BE54-9A1E7A4F7556}") = "Mentor.Services.PhotoStock", "Services\PhotoStock\Mentor.Services.PhotoStock\Mentor.Services.PhotoStock.csproj", "{46BED9EE-FD96-4D59-9F00-651492A9862C}"
EndProject
Project("{2150E333-8FDC-42A3-9474-1A3956D46DE8}") = "Basket", "Basket", "{914D0E1D-BFED-4460-A0F6-8401DC1429C3}"
EndProject
Project("{9A19103F-16F7-4668-BE54-9A1E7A4F7556}") = "Mentor.Services.Basket", "Services\Basket\Mentor.Services.Basket\Mentor.Services.Basket.csproj", "{530450F1-80BA-41E0-BD2B-7AA2FB291353}"
EndProject
Project("{2150E333-8FDC-42A3-9474-1A3956D46DE8}") = "Discount", "Discount", "{9F75D1EC-A9DD-413F-9554-57191F4AC2D4}"
EndProject
Project("{9A19103F-16F7-4668-BE54-9A1E7A4F7556}") = "Mentor.Services.Discount", "Services\Discount\Mentor.Services.Discount\Mentor.Services.Discount.csproj", "{1D4484EB-A99E-4434-A5AE-2AC61AF67271}"
EndProject
Project("{2150E333-8FDC-42A3-9474-1A3956D46DE8}") = "Order", "Order", "{17ECB724-37FC-4423-B229-011E171F0921}"
EndProject
Project("{9A19103F-16F7-4668-BE54-9A1E7A4F7556}") = "Mentor.Services.Order", "Services\Order\Mentor.Services.Order\Mentor.Services.Order.csproj", "{E3380542-2944-4F75-8C96-2CB2103FC96F}"
EndProject
Project("{9A19103F-16F7-4668-BE54-9A1E7A4F7556}") = "Mentor.Services.Order.Application", "Services\Order\Mentor.Services.Order.Application\Mentor.Services.Order.Application.csproj", "{AE079B39-415D-4161-A6AD-511F372DDFA5}"
EndProject
Project("{9A19103F-16F7-4668-BE54-9A1E7A4F7556}") = "Mentor.Services.Order.Domain", "Services\Order\Mentor.Services.Order.Domain\Mentor.Services.Order.Domain.csproj", "{AEBC2CF6-9B9F-47F5-A3A3-91E85B707E12}"
EndProject
Project("{9A19103F-16F7-4668-BE54-9A1E7A4F7556}") = "Mentor.Services.Order.Domain.Core", "Services\Order\Mentor.Services.Order.Domain.Core\Mentor.Services.Order.Domain.Core.csproj", "{BC2E72D5-62C7-473C-ACD0-236C5D985BF0}"
EndProject
Project("{9A19103F-16F7-4668-BE54-9A1E7A4F7556}") = "Mentor.Services.Order.Infrastructure", "Services\Order\Mentor.Services.Order.Infrastructure\Mentor.Services.Order.Infrastructure.csproj", "{082F75C1-9AEF-46A3-BFEF-BAA7A765D194}"
EndProject
Project("{2150E333-8FDC-42A3-9474-1A3956D46DE8}") = "Payment", "Payment", "{E2C50880-F8A7-4961-9680-488E5A3B0B6C}"
EndProject
Project("{FAE04EC0-301F-11D3-BF4B-00C04F79EFBC}") = "Mentor.Services.Payment", "Services\Payment\Mentor.Services.Payment\Mentor.Services.Payment.csproj", "{46C9ADD9-0461-4E79-9E74-374FC8B3416E}"
EndProject
Project("{2150E333-8FDC-42A3-9474-1A3956D46DE8}") = "Gateways", "Gateways", "{D9BDC514-FA82-4513-BB9B-BEDC86261961}"
EndProject
Project("{FAE04EC0-301F-11D3-BF4B-00C04F79EFBC}") = "Mentor.Gateway", "Gateways\Mentor.Gateway\Mentor.Gateway.csproj", "{0BBD4582-C8DD-423E-B7F3-79E994061298}"
EndProject
Global
	GlobalSection(SolutionConfigurationPlatforms) = preSolution
		Debug|Any CPU = Debug|Any CPU
		Release|Any CPU = Release|Any CPU
	EndGlobalSection
	GlobalSection(ProjectConfigurationPlatforms) = postSolution
		{7B35FFD7-D9BF-42B0-B393-F219F678361E}.Debug|Any CPU.ActiveCfg = Debug|Any CPU
		{7B35FFD7-D9BF-42B0-B393-F219F678361E}.Debug|Any CPU.Build.0 = Debug|Any CPU
		{7B35FFD7-D9BF-42B0-B393-F219F678361E}.Release|Any CPU.ActiveCfg = Release|Any CPU
		{7B35FFD7-D9BF-42B0-B393-F219F678361E}.Release|Any CPU.Build.0 = Release|Any CPU
		{174E8D46-5583-4BC9-814A-6150CDB1CCFC}.Debug|Any CPU.ActiveCfg = Debug|Any CPU
		{174E8D46-5583-4BC9-814A-6150CDB1CCFC}.Debug|Any CPU.Build.0 = Debug|Any CPU
		{174E8D46-5583-4BC9-814A-6150CDB1CCFC}.Release|Any CPU.ActiveCfg = Release|Any CPU
		{174E8D46-5583-4BC9-814A-6150CDB1CCFC}.Release|Any CPU.Build.0 = Release|Any CPU
		{BC74745C-8C7D-4F93-A1FA-165089470447}.Debug|Any CPU.ActiveCfg = Debug|Any CPU
		{BC74745C-8C7D-4F93-A1FA-165089470447}.Debug|Any CPU.Build.0 = Debug|Any CPU
		{BC74745C-8C7D-4F93-A1FA-165089470447}.Release|Any CPU.ActiveCfg = Release|Any CPU
		{BC74745C-8C7D-4F93-A1FA-165089470447}.Release|Any CPU.Build.0 = Release|Any CPU
		{46BED9EE-FD96-4D59-9F00-651492A9862C}.Debug|Any CPU.ActiveCfg = Debug|Any CPU
		{46BED9EE-FD96-4D59-9F00-651492A9862C}.Debug|Any CPU.Build.0 = Debug|Any CPU
		{46BED9EE-FD96-4D59-9F00-651492A9862C}.Release|Any CPU.ActiveCfg = Release|Any CPU
		{46BED9EE-FD96-4D59-9F00-651492A9862C}.Release|Any CPU.Build.0 = Release|Any CPU
		{530450F1-80BA-41E0-BD2B-7AA2FB291353}.Debug|Any CPU.ActiveCfg = Debug|Any CPU
		{530450F1-80BA-41E0-BD2B-7AA2FB291353}.Debug|Any CPU.Build.0 = Debug|Any CPU
		{530450F1-80BA-41E0-BD2B-7AA2FB291353}.Release|Any CPU.ActiveCfg = Release|Any CPU
		{530450F1-80BA-41E0-BD2B-7AA2FB291353}.Release|Any CPU.Build.0 = Release|Any CPU
		{1D4484EB-A99E-4434-A5AE-2AC61AF67271}.Debug|Any CPU.ActiveCfg = Debug|Any CPU
		{1D4484EB-A99E-4434-A5AE-2AC61AF67271}.Debug|Any CPU.Build.0 = Debug|Any CPU
		{1D4484EB-A99E-4434-A5AE-2AC61AF67271}.Release|Any CPU.ActiveCfg = Release|Any CPU
		{1D4484EB-A99E-4434-A5AE-2AC61AF67271}.Release|Any CPU.Build.0 = Release|Any CPU
		{E3380542-2944-4F75-8C96-2CB2103FC96F}.Debug|Any CPU.ActiveCfg = Debug|Any CPU
		{E3380542-2944-4F75-8C96-2CB2103FC96F}.Debug|Any CPU.Build.0 = Debug|Any CPU
		{E3380542-2944-4F75-8C96-2CB2103FC96F}.Release|Any CPU.ActiveCfg = Release|Any CPU
		{E3380542-2944-4F75-8C96-2CB2103FC96F}.Release|Any CPU.Build.0 = Release|Any CPU
		{AE079B39-415D-4161-A6AD-511F372DDFA5}.Debug|Any CPU.ActiveCfg = Debug|Any CPU
		{AE079B39-415D-4161-A6AD-511F372DDFA5}.Debug|Any CPU.Build.0 = Debug|Any CPU
		{AE079B39-415D-4161-A6AD-511F372DDFA5}.Release|Any CPU.ActiveCfg = Release|Any CPU
		{AE079B39-415D-4161-A6AD-511F372DDFA5}.Release|Any CPU.Build.0 = Release|Any CPU
		{AEBC2CF6-9B9F-47F5-A3A3-91E85B707E12}.Debug|Any CPU.ActiveCfg = Debug|Any CPU
		{AEBC2CF6-9B9F-47F5-A3A3-91E85B707E12}.Debug|Any CPU.Build.0 = Debug|Any CPU
		{AEBC2CF6-9B9F-47F5-A3A3-91E85B707E12}.Release|Any CPU.ActiveCfg = Release|Any CPU
		{AEBC2CF6-9B9F-47F5-A3A3-91E85B707E12}.Release|Any CPU.Build.0 = Release|Any CPU
		{BC2E72D5-62C7-473C-ACD0-236C5D985BF0}.Debug|Any CPU.ActiveCfg = Debug|Any CPU
		{BC2E72D5-62C7-473C-ACD0-236C5D985BF0}.Debug|Any CPU.Build.0 = Debug|Any CPU
		{BC2E72D5-62C7-473C-ACD0-236C5D985BF0}.Release|Any CPU.ActiveCfg = Release|Any CPU
		{BC2E72D5-62C7-473C-ACD0-236C5D985BF0}.Release|Any CPU.Build.0 = Release|Any CPU
		{082F75C1-9AEF-46A3-BFEF-BAA7A765D194}.Debug|Any CPU.ActiveCfg = Debug|Any CPU
		{082F75C1-9AEF-46A3-BFEF-BAA7A765D194}.Debug|Any CPU.Build.0 = Debug|Any CPU
		{082F75C1-9AEF-46A3-BFEF-BAA7A765D194}.Release|Any CPU.ActiveCfg = Release|Any CPU
		{082F75C1-9AEF-46A3-BFEF-BAA7A765D194}.Release|Any CPU.Build.0 = Release|Any CPU
		{46C9ADD9-0461-4E79-9E74-374FC8B3416E}.Debug|Any CPU.ActiveCfg = Debug|Any CPU
		{46C9ADD9-0461-4E79-9E74-374FC8B3416E}.Debug|Any CPU.Build.0 = Debug|Any CPU
		{46C9ADD9-0461-4E79-9E74-374FC8B3416E}.Release|Any CPU.ActiveCfg = Release|Any CPU
		{46C9ADD9-0461-4E79-9E74-374FC8B3416E}.Release|Any CPU.Build.0 = Release|Any CPU
		{0BBD4582-C8DD-423E-B7F3-79E994061298}.Debug|Any CPU.ActiveCfg = Debug|Any CPU
		{0BBD4582-C8DD-423E-B7F3-79E994061298}.Debug|Any CPU.Build.0 = Debug|Any CPU
		{0BBD4582-C8DD-423E-B7F3-79E994061298}.Release|Any CPU.ActiveCfg = Release|Any CPU
		{0BBD4582-C8DD-423E-B7F3-79E994061298}.Release|Any CPU.Build.0 = Release|Any CPU
	EndGlobalSection
	GlobalSection(SolutionProperties) = preSolution
		HideSolutionNode = FALSE
	EndGlobalSection
	GlobalSection(NestedProjects) = preSolution
		{A84118EF-1034-4028-B2FE-03D13852AC1E} = {E8D640C2-A144-472C-BD02-81FC2EB3B502}
		{7B35FFD7-D9BF-42B0-B393-F219F678361E} = {A84118EF-1034-4028-B2FE-03D13852AC1E}
		{174E8D46-5583-4BC9-814A-6150CDB1CCFC} = {30E3FF3F-25CB-4BF8-A927-82FD560D1102}
		{BC74745C-8C7D-4F93-A1FA-165089470447} = {0AF34A1C-2E2F-4BFC-AEDE-EA5B5180F845}
		{66742532-A786-4582-B778-D4CF5AD27009} = {E8D640C2-A144-472C-BD02-81FC2EB3B502}
		{46BED9EE-FD96-4D59-9F00-651492A9862C} = {66742532-A786-4582-B778-D4CF5AD27009}
		{914D0E1D-BFED-4460-A0F6-8401DC1429C3} = {E8D640C2-A144-472C-BD02-81FC2EB3B502}
		{530450F1-80BA-41E0-BD2B-7AA2FB291353} = {914D0E1D-BFED-4460-A0F6-8401DC1429C3}
		{9F75D1EC-A9DD-413F-9554-57191F4AC2D4} = {E8D640C2-A144-472C-BD02-81FC2EB3B502}
		{1D4484EB-A99E-4434-A5AE-2AC61AF67271} = {9F75D1EC-A9DD-413F-9554-57191F4AC2D4}
		{17ECB724-37FC-4423-B229-011E171F0921} = {E8D640C2-A144-472C-BD02-81FC2EB3B502}
		{E3380542-2944-4F75-8C96-2CB2103FC96F} = {17ECB724-37FC-4423-B229-011E171F0921}
		{AE079B39-415D-4161-A6AD-511F372DDFA5} = {17ECB724-37FC-4423-B229-011E171F0921}
		{AEBC2CF6-9B9F-47F5-A3A3-91E85B707E12} = {17ECB724-37FC-4423-B229-011E171F0921}
		{BC2E72D5-62C7-473C-ACD0-236C5D985BF0} = {17ECB724-37FC-4423-B229-011E171F0921}
		{082F75C1-9AEF-46A3-BFEF-BAA7A765D194} = {17ECB724-37FC-4423-B229-011E171F0921}
		{E2C50880-F8A7-4961-9680-488E5A3B0B6C} = {E8D640C2-A144-472C-BD02-81FC2EB3B502}
		{46C9ADD9-0461-4E79-9E74-374FC8B3416E} = {E2C50880-F8A7-4961-9680-488E5A3B0B6C}
		{0BBD4582-C8DD-423E-B7F3-79E994061298} = {D9BDC514-FA82-4513-BB9B-BEDC86261961}
	EndGlobalSection
	GlobalSection(ExtensibilityGlobals) = postSolution
		SolutionGuid = {82512D18-6F42-4556-8F5A-43C78668FADB}
	EndGlobalSection
EndGlobal
