
Microsoft Visual Studio Solution File, Format Version 12.00
# Visual Studio Version 17
VisualStudioVersion = 17.10.34916.146
MinimumVisualStudioVersion = 10.0.40219.1
Project("{2150E333-8FDC-42A3-9474-1A3956D46DE8}") = "Services", "Services", "{E8D640C2-A144-472C-BD02-81FC2EB3B502}"
EndProject
Project("{2150E333-8FDC-42A3-9474-1A3956D46DE8}") = "Catalog", "Catalog", "{A84118EF-1034-4028-B2FE-03D13852AC1E}"
EndProject
Project("{2150E333-8FDC-42A3-9474-1A3956D46DE8}") = "Notes", "Notes", "{32D865EF-A8A5-4D0A-8BE0-5E3CB6FF0C23}"
	ProjectSection(SolutionItems) = preProject
		Ports.txt = Ports.txt
	EndProjectSection
EndProject
Project("{2150E333-8FDC-42A3-9474-1A3956D46DE8}") = "Shared", "Shared", "{0AF34A1C-2E2F-4BFC-AEDE-EA5B5180F845}"
EndProject
Project("{2150E333-8FDC-42A3-9474-1A3956D46DE8}") = "IdentityServer", "IdentityServer", "{30E3FF3F-25CB-4BF8-A927-82FD560D1102}"
EndProject
Project("{2150E333-8FDC-42A3-9474-1A3956D46DE8}") = "PhotoStock", "PhotoStock", "{66742532-A786-4582-B778-D4CF5AD27009}"
EndProject
Project("{2150E333-8FDC-42A3-9474-1A3956D46DE8}") = "Basket", "Basket", "{914D0E1D-BFED-4460-A0F6-8401DC1429C3}"
EndProject
Project("{2150E333-8FDC-42A3-9474-1A3956D46DE8}") = "Discount", "Discount", "{9F75D1EC-A9DD-413F-9554-57191F4AC2D4}"
EndProject
Project("{2150E333-8FDC-42A3-9474-1A3956D46DE8}") = "Order", "Order", "{17ECB724-37FC-4423-B229-011E171F0921}"
EndProject
Project("{2150E333-8FDC-42A3-9474-1A3956D46DE8}") = "Payment", "Payment", "{E2C50880-F8A7-4961-9680-488E5A3B0B6C}"
EndProject
Project("{2150E333-8FDC-42A3-9474-1A3956D46DE8}") = "Gateways", "Gateways", "{D9BDC514-FA82-4513-BB9B-BEDC86261961}"
EndProject
Project("{2150E333-8FDC-42A3-9474-1A3956D46DE8}") = "Frontends", "Frontends", "{94FE3BBB-88C4-4CC1-88C7-3BDBB6D631A7}"
EndProject
Project("{9A19103F-16F7-4668-BE54-9A1E7A4F7556}") = "Resellio.Web", "Frontends\Resellio.Web\Resellio.Web.csproj", "{FB98D790-9558-478D-A747-B0A0582773C7}"
EndProject
Project("{9A19103F-16F7-4668-BE54-9A1E7A4F7556}") = "Resellio.Gateway", "Gateways\Resellio.Gateway\Resellio.Gateway.csproj", "{ECF6555F-E0A0-47D4-BA1C-A3B2A8D3670A}"
EndProject
Project("{9A19103F-16F7-4668-BE54-9A1E7A4F7556}") = "Resellio.IdentityServer", "IdentityServer\Resellio.IdentityServer\Resellio.IdentityServer.csproj", "{B6ED2BCD-9AEC-4081-85AB-FF9A920C4337}"
EndProject
Project("{9A19103F-16F7-4668-BE54-9A1E7A4F7556}") = "Resellio.Services.Basket", "Services\Basket\Resellio.Services.Basket\Resellio.Services.Basket.csproj", "{96DFF69C-677E-4F80-8651-06179FBDBEDB}"
EndProject
Project("{9A19103F-16F7-4668-BE54-9A1E7A4F7556}") = "Resellio.Services.Catalog", "Services\Catalog\Resellio.Services.Catalog\Resellio.Services.Catalog.csproj", "{D6876845-389D-4564-B382-D2C3B4E1DF60}"
EndProject
Project("{9A19103F-16F7-4668-BE54-9A1E7A4F7556}") = "Resellio.Services.Discount", "Services\Discount\Resellio.Services.Discount\Resellio.Services.Discount.csproj", "{39A08CD4-0823-4556-B028-ED67569C67E6}"
EndProject
Project("{9A19103F-16F7-4668-BE54-9A1E7A4F7556}") = "Resellio.Services.Payment", "Services\Payment\Resellio.Services.Payment\Resellio.Services.Payment.csproj", "{CD83299F-CCD0-4F10-A594-B235F4BEE895}"
EndProject
Project("{9A19103F-16F7-4668-BE54-9A1E7A4F7556}") = "Resellio.Services.PhotoStock", "Services\PhotoStock\Resellio.Services.PhotoStock\Resellio.Services.PhotoStock.csproj", "{F0F3CC24-9938-4D6B-938C-40F47FCE5FB3}"
EndProject
Project("{9A19103F-16F7-4668-BE54-9A1E7A4F7556}") = "Resellio.Services.Order", "Services\Order\Resellio.Services.Order\Resellio.Services.Order.csproj", "{0B56B0EC-C0C2-468C-9B91-27C556DE12C7}"
EndProject
Project("{9A19103F-16F7-4668-BE54-9A1E7A4F7556}") = "Resellio.Services.Order.Application", "Services\Order\Resellio.Services.Order.Application\Resellio.Services.Order.Application.csproj", "{494761BF-0DF6-4B93-98A0-C97AB606A335}"
EndProject
Project("{9A19103F-16F7-4668-BE54-9A1E7A4F7556}") = "Resellio.Services.Order.Domain.Core", "Services\Order\Resellio.Services.Order.Domain.Core\Resellio.Services.Order.Domain.Core.csproj", "{6BECBE85-FAF2-414C-8773-488EBE4D8BC7}"
EndProject
Project("{9A19103F-16F7-4668-BE54-9A1E7A4F7556}") = "Resellio.Services.Order.Infrastructure", "Services\Order\Resellio.Services.Order.Infrastructure\Resellio.Services.Order.Infrastructure.csproj", "{EAE3438F-200F-4839-B630-BC913BBE08D1}"
EndProject
Project("{9A19103F-16F7-4668-BE54-9A1E7A4F7556}") = "Resellio.Services.Order.Domain", "Services\Order\Resellio.Services.Order.Domain\Resellio.Services.Order.Domain.csproj", "{C4402898-A656-4BF8-ACCC-C2DC1671C9D6}"
EndProject
Project("{9A19103F-16F7-4668-BE54-9A1E7A4F7556}") = "Resellio.Shared", "Shared\Resellio.Shared\Resellio.Shared.csproj", "{A6C4CAAE-C5B3-4C6B-B37C-C5F604C46952}"
EndProject
Global
	GlobalSection(SolutionConfigurationPlatforms) = preSolution
		Debug|Any CPU = Debug|Any CPU
		Release|Any CPU = Release|Any CPU
	EndGlobalSection
	GlobalSection(ProjectConfigurationPlatforms) = postSolution
		{FB98D790-9558-478D-A747-B0A0582773C7}.Debug|Any CPU.ActiveCfg = Debug|Any CPU
		{FB98D790-9558-478D-A747-B0A0582773C7}.Debug|Any CPU.Build.0 = Debug|Any CPU
		{FB98D790-9558-478D-A747-B0A0582773C7}.Release|Any CPU.ActiveCfg = Release|Any CPU
		{FB98D790-9558-478D-A747-B0A0582773C7}.Release|Any CPU.Build.0 = Release|Any CPU
		{ECF6555F-E0A0-47D4-BA1C-A3B2A8D3670A}.Debug|Any CPU.ActiveCfg = Debug|Any CPU
		{ECF6555F-E0A0-47D4-BA1C-A3B2A8D3670A}.Debug|Any CPU.Build.0 = Debug|Any CPU
		{ECF6555F-E0A0-47D4-BA1C-A3B2A8D3670A}.Release|Any CPU.ActiveCfg = Release|Any CPU
		{ECF6555F-E0A0-47D4-BA1C-A3B2A8D3670A}.Release|Any CPU.Build.0 = Release|Any CPU
		{B6ED2BCD-9AEC-4081-85AB-FF9A920C4337}.Debug|Any CPU.ActiveCfg = Debug|Any CPU
		{B6ED2BCD-9AEC-4081-85AB-FF9A920C4337}.Debug|Any CPU.Build.0 = Debug|Any CPU
		{B6ED2BCD-9AEC-4081-85AB-FF9A920C4337}.Release|Any CPU.ActiveCfg = Release|Any CPU
		{B6ED2BCD-9AEC-4081-85AB-FF9A920C4337}.Release|Any CPU.Build.0 = Release|Any CPU
		{96DFF69C-677E-4F80-8651-06179FBDBEDB}.Debug|Any CPU.ActiveCfg = Debug|Any CPU
		{96DFF69C-677E-4F80-8651-06179FBDBEDB}.Debug|Any CPU.Build.0 = Debug|Any CPU
		{96DFF69C-677E-4F80-8651-06179FBDBEDB}.Release|Any CPU.ActiveCfg = Release|Any CPU
		{96DFF69C-677E-4F80-8651-06179FBDBEDB}.Release|Any CPU.Build.0 = Release|Any CPU
		{D6876845-389D-4564-B382-D2C3B4E1DF60}.Debug|Any CPU.ActiveCfg = Debug|Any CPU
		{D6876845-389D-4564-B382-D2C3B4E1DF60}.Debug|Any CPU.Build.0 = Debug|Any CPU
		{D6876845-389D-4564-B382-D2C3B4E1DF60}.Release|Any CPU.ActiveCfg = Release|Any CPU
		{D6876845-389D-4564-B382-D2C3B4E1DF60}.Release|Any CPU.Build.0 = Release|Any CPU
		{39A08CD4-0823-4556-B028-ED67569C67E6}.Debug|Any CPU.ActiveCfg = Debug|Any CPU
		{39A08CD4-0823-4556-B028-ED67569C67E6}.Debug|Any CPU.Build.0 = Debug|Any CPU
		{39A08CD4-0823-4556-B028-ED67569C67E6}.Release|Any CPU.ActiveCfg = Release|Any CPU
		{39A08CD4-0823-4556-B028-ED67569C67E6}.Release|Any CPU.Build.0 = Release|Any CPU
		{CD83299F-CCD0-4F10-A594-B235F4BEE895}.Debug|Any CPU.ActiveCfg = Debug|Any CPU
		{CD83299F-CCD0-4F10-A594-B235F4BEE895}.Debug|Any CPU.Build.0 = Debug|Any CPU
		{CD83299F-CCD0-4F10-A594-B235F4BEE895}.Release|Any CPU.ActiveCfg = Release|Any CPU
		{CD83299F-CCD0-4F10-A594-B235F4BEE895}.Release|Any CPU.Build.0 = Release|Any CPU
		{F0F3CC24-9938-4D6B-938C-40F47FCE5FB3}.Debug|Any CPU.ActiveCfg = Debug|Any CPU
		{F0F3CC24-9938-4D6B-938C-40F47FCE5FB3}.Debug|Any CPU.Build.0 = Debug|Any CPU
		{F0F3CC24-9938-4D6B-938C-40F47FCE5FB3}.Release|Any CPU.ActiveCfg = Release|Any CPU
		{F0F3CC24-9938-4D6B-938C-40F47FCE5FB3}.Release|Any CPU.Build.0 = Release|Any CPU
		{0B56B0EC-C0C2-468C-9B91-27C556DE12C7}.Debug|Any CPU.ActiveCfg = Debug|Any CPU
		{0B56B0EC-C0C2-468C-9B91-27C556DE12C7}.Debug|Any CPU.Build.0 = Debug|Any CPU
		{0B56B0EC-C0C2-468C-9B91-27C556DE12C7}.Release|Any CPU.ActiveCfg = Release|Any CPU
		{0B56B0EC-C0C2-468C-9B91-27C556DE12C7}.Release|Any CPU.Build.0 = Release|Any CPU
		{494761BF-0DF6-4B93-98A0-C97AB606A335}.Debug|Any CPU.ActiveCfg = Debug|Any CPU
		{494761BF-0DF6-4B93-98A0-C97AB606A335}.Debug|Any CPU.Build.0 = Debug|Any CPU
		{494761BF-0DF6-4B93-98A0-C97AB606A335}.Release|Any CPU.ActiveCfg = Release|Any CPU
		{494761BF-0DF6-4B93-98A0-C97AB606A335}.Release|Any CPU.Build.0 = Release|Any CPU
		{6BECBE85-FAF2-414C-8773-488EBE4D8BC7}.Debug|Any CPU.ActiveCfg = Debug|Any CPU
		{6BECBE85-FAF2-414C-8773-488EBE4D8BC7}.Debug|Any CPU.Build.0 = Debug|Any CPU
		{6BECBE85-FAF2-414C-8773-488EBE4D8BC7}.Release|Any CPU.ActiveCfg = Release|Any CPU
		{6BECBE85-FAF2-414C-8773-488EBE4D8BC7}.Release|Any CPU.Build.0 = Release|Any CPU
		{EAE3438F-200F-4839-B630-BC913BBE08D1}.Debug|Any CPU.ActiveCfg = Debug|Any CPU
		{EAE3438F-200F-4839-B630-BC913BBE08D1}.Debug|Any CPU.Build.0 = Debug|Any CPU
		{EAE3438F-200F-4839-B630-BC913BBE08D1}.Release|Any CPU.ActiveCfg = Release|Any CPU
		{EAE3438F-200F-4839-B630-BC913BBE08D1}.Release|Any CPU.Build.0 = Release|Any CPU
		{C4402898-A656-4BF8-ACCC-C2DC1671C9D6}.Debug|Any CPU.ActiveCfg = Debug|Any CPU
		{C4402898-A656-4BF8-ACCC-C2DC1671C9D6}.Debug|Any CPU.Build.0 = Debug|Any CPU
		{C4402898-A656-4BF8-ACCC-C2DC1671C9D6}.Release|Any CPU.ActiveCfg = Release|Any CPU
		{C4402898-A656-4BF8-ACCC-C2DC1671C9D6}.Release|Any CPU.Build.0 = Release|Any CPU
		{A6C4CAAE-C5B3-4C6B-B37C-C5F604C46952}.Debug|Any CPU.ActiveCfg = Debug|Any CPU
		{A6C4CAAE-C5B3-4C6B-B37C-C5F604C46952}.Debug|Any CPU.Build.0 = Debug|Any CPU
		{A6C4CAAE-C5B3-4C6B-B37C-C5F604C46952}.Release|Any CPU.ActiveCfg = Release|Any CPU
		{A6C4CAAE-C5B3-4C6B-B37C-C5F604C46952}.Release|Any CPU.Build.0 = Release|Any CPU
	EndGlobalSection
	GlobalSection(SolutionProperties) = preSolution
		HideSolutionNode = FALSE
	EndGlobalSection
	GlobalSection(NestedProjects) = preSolution
		{A84118EF-1034-4028-B2FE-03D13852AC1E} = {E8D640C2-A144-472C-BD02-81FC2EB3B502}
		{66742532-A786-4582-B778-D4CF5AD27009} = {E8D640C2-A144-472C-BD02-81FC2EB3B502}
		{914D0E1D-BFED-4460-A0F6-8401DC1429C3} = {E8D640C2-A144-472C-BD02-81FC2EB3B502}
		{9F75D1EC-A9DD-413F-9554-57191F4AC2D4} = {E8D640C2-A144-472C-BD02-81FC2EB3B502}
		{17ECB724-37FC-4423-B229-011E171F0921} = {E8D640C2-A144-472C-BD02-81FC2EB3B502}
		{E2C50880-F8A7-4961-9680-488E5A3B0B6C} = {E8D640C2-A144-472C-BD02-81FC2EB3B502}
		{FB98D790-9558-478D-A747-B0A0582773C7} = {94FE3BBB-88C4-4CC1-88C7-3BDBB6D631A7}
		{ECF6555F-E0A0-47D4-BA1C-A3B2A8D3670A} = {D9BDC514-FA82-4513-BB9B-BEDC86261961}
		{B6ED2BCD-9AEC-4081-85AB-FF9A920C4337} = {30E3FF3F-25CB-4BF8-A927-82FD560D1102}
		{96DFF69C-677E-4F80-8651-06179FBDBEDB} = {914D0E1D-BFED-4460-A0F6-8401DC1429C3}
		{D6876845-389D-4564-B382-D2C3B4E1DF60} = {A84118EF-1034-4028-B2FE-03D13852AC1E}
		{39A08CD4-0823-4556-B028-ED67569C67E6} = {9F75D1EC-A9DD-413F-9554-57191F4AC2D4}
		{CD83299F-CCD0-4F10-A594-B235F4BEE895} = {E2C50880-F8A7-4961-9680-488E5A3B0B6C}
		{F0F3CC24-9938-4D6B-938C-40F47FCE5FB3} = {66742532-A786-4582-B778-D4CF5AD27009}
		{0B56B0EC-C0C2-468C-9B91-27C556DE12C7} = {17ECB724-37FC-4423-B229-011E171F0921}
		{494761BF-0DF6-4B93-98A0-C97AB606A335} = {17ECB724-37FC-4423-B229-011E171F0921}
		{6BECBE85-FAF2-414C-8773-488EBE4D8BC7} = {17ECB724-37FC-4423-B229-011E171F0921}
		{EAE3438F-200F-4839-B630-BC913BBE08D1} = {17ECB724-37FC-4423-B229-011E171F0921}
		{C4402898-A656-4BF8-ACCC-C2DC1671C9D6} = {17ECB724-37FC-4423-B229-011E171F0921}
		{A6C4CAAE-C5B3-4C6B-B37C-C5F604C46952} = {0AF34A1C-2E2F-4BFC-AEDE-EA5B5180F845}
	EndGlobalSection
	GlobalSection(ExtensibilityGlobals) = postSolution
		SolutionGuid = {82512D18-6F42-4556-8F5A-43C78668FADB}
	EndGlobalSection
EndGlobal
